// !$*UTF8*$!
{
	archiveVersion = 1;
	classes = {
	};
	objectVersion = 54;
	objects = {

/* Begin PBXBuildFile section */
		00E356F31AD99517003FC87E /* PetAppTests.m in Sources */ = {isa = PBXBuildFile; fileRef = 00E356F21AD99517003FC87E /* PetAppTests.m */; };
		0A43674C81E74F2D8F380596 /* Montserrat-BoldItalic.ttf in Resources */ = {isa = PBXBuildFile; fileRef = D7BBBBFAB2AE40D781C5F254 /* Montserrat-BoldItalic.ttf */; };
		0DA979D4A62F4ED6935BBDFE /* Montserrat-Medium.ttf in Resources */ = {isa = PBXBuildFile; fileRef = D7CD333AB9804486B2206882 /* Montserrat-Medium.ttf */; };
		11A8363C7B56481588764A6A /* gilroy-ultralight.ttf in Resources */ = {isa = PBXBuildFile; fileRef = B48F1E8EE2DC418E8B5E320A /* gilroy-ultralight.ttf */; };
		131A278BE9B54E44AE213C0A /* gilroy-medium.ttf in Resources */ = {isa = PBXBuildFile; fileRef = 408B2637E8BC4891BD42668B /* gilroy-medium.ttf */; };
		13B07FBC1A68108700A75B9A /* AppDelegate.m in Sources */ = {isa = PBXBuildFile; fileRef = 13B07FB01A68108700A75B9A /* AppDelegate.m */; };
		13B07FBF1A68108700A75B9A /* Images.xcassets in Resources */ = {isa = PBXBuildFile; fileRef = 13B07FB51A68108700A75B9A /* Images.xcassets */; };
		13B07FC11A68108700A75B9A /* main.m in Sources */ = {isa = PBXBuildFile; fileRef = 13B07FB71A68108700A75B9A /* main.m */; };
		1E91DE9BBDE145CCA3865A41 /* CormorantGaramond-MediumItalic.ttf in Resources */ = {isa = PBXBuildFile; fileRef = DA84039ABB894D4BB8DC3D14 /* CormorantGaramond-MediumItalic.ttf */; };
		21A4D7F7AA16435AA64D68F9 /* Montserrat-Regular.ttf in Resources */ = {isa = PBXBuildFile; fileRef = 01D6AFB29AA245C198119CC1 /* Montserrat-Regular.ttf */; };
		283D26524DF04D58858B6E90 /* CormorantGaramond-Regular.ttf in Resources */ = {isa = PBXBuildFile; fileRef = 91EB9A7AD5F24270A708588B /* CormorantGaramond-Regular.ttf */; };
		371093509FDD43BC825D41C1 /* Montserrat-SemiBold.ttf in Resources */ = {isa = PBXBuildFile; fileRef = 8E992D16B33B47DCB5CCC52E /* Montserrat-SemiBold.ttf */; };
		3749DE02D09547C08757C858 /* gilroy-bold.ttf in Resources */ = {isa = PBXBuildFile; fileRef = 8A433BFE840147D18E8E6005 /* gilroy-bold.ttf */; };
		39A2E3F2E9C64E77847DBFDD /* Montserrat-Thin.ttf in Resources */ = {isa = PBXBuildFile; fileRef = 37B385BB0C1143A4AFAA8020 /* Montserrat-Thin.ttf */; };
		3AAAD0F8CA94418CB5DD4618 /* Montserrat-Bold.ttf in Resources */ = {isa = PBXBuildFile; fileRef = B29ECABB9DA14D6E9D22DF2E /* Montserrat-Bold.ttf */; };
		40F11E7EE2C24C06A5222264 /* CormorantGaramond-Italic.ttf in Resources */ = {isa = PBXBuildFile; fileRef = AD8F5AF63A9540EC9EFC118D /* CormorantGaramond-Italic.ttf */; };
		4CE9B585EF5B47E5947B2F4E /* gilroy-thin.ttf in Resources */ = {isa = PBXBuildFile; fileRef = 0088B5E522754D47B4475132 /* gilroy-thin.ttf */; };
		60E86EBA237C4733BA7BC1D8 /* Montserrat-ExtraBold.ttf in Resources */ = {isa = PBXBuildFile; fileRef = FFF56B65F7B94FE58383C9C6 /* Montserrat-ExtraBold.ttf */; };
		6172F2D35A4C3AA820D92908 /* libPods-PetApp.a in Frameworks */ = {isa = PBXBuildFile; fileRef = 6423831EA8574132BED9D8CC /* libPods-PetApp.a */; };
		6550A06C10DE460CA05D2E17 /* Montserrat-SemiBoldItalic.ttf in Resources */ = {isa = PBXBuildFile; fileRef = 77F4269F11474A26813F089E /* Montserrat-SemiBoldItalic.ttf */; };
		716E341AA7074F9AABC03F2A /* Montserrat-BlackItalic.ttf in Resources */ = {isa = PBXBuildFile; fileRef = 485A9B6C61E64E3DB6873887 /* Montserrat-BlackItalic.ttf */; };
		7EF68E3733C33B6898317E18 /* libPods-PetApp-PetAppTests.a in Frameworks */ = {isa = PBXBuildFile; fileRef = ABFE59519B596E51CEFDCCC0 /* libPods-PetApp-PetAppTests.a */; };
		81AB9BB82411601600AC10FF /* LaunchScreen.storyboard in Resources */ = {isa = PBXBuildFile; fileRef = 81AB9BB72411601600AC10FF /* LaunchScreen.storyboard */; };
		81BE6010E0A74D4482A63A0C /* CormorantGaramond-SemiBold.ttf in Resources */ = {isa = PBXBuildFile; fileRef = B3C9975609A84F99B0515E8C /* CormorantGaramond-SemiBold.ttf */; };
		89A65FFEC3AD4F6D9CE93822 /* Montserrat-ExtraLight.ttf in Resources */ = {isa = PBXBuildFile; fileRef = E9D20F6490914E4DB915AFC0 /* Montserrat-ExtraLight.ttf */; };
		8F433FA34A1A45D6A36724C4 /* CormorantGaramond-BoldItalic.ttf in Resources */ = {isa = PBXBuildFile; fileRef = C2582E98035B46CD91731508 /* CormorantGaramond-BoldItalic.ttf */; };
		8FB8FFE399A5493691CDFA52 /* CormorantGaramond-Medium.ttf in Resources */ = {isa = PBXBuildFile; fileRef = EFBD5AB189904CC5B0E4D686 /* CormorantGaramond-Medium.ttf */; };
		91D8EBA9230540FEACB31284 /* gilroy-black.ttf in Resources */ = {isa = PBXBuildFile; fileRef = 2D640892C34D4B98A12285E1 /* gilroy-black.ttf */; };
		9C1C8A990D9C43AB9EB21305 /* CormorantGaramond-LightItalic.ttf in Resources */ = {isa = PBXBuildFile; fileRef = 973B08CEA8774F989F836D3D /* CormorantGaramond-LightItalic.ttf */; };
		9CAA01A4AEF84E57B1A8D64E /* Montserrat-MediumItalic.ttf in Resources */ = {isa = PBXBuildFile; fileRef = 9FF7B6E45E914E9384258587 /* Montserrat-MediumItalic.ttf */; };
		AC3795CADF67414880C1B12F /* CormorantGaramond-Light.ttf in Resources */ = {isa = PBXBuildFile; fileRef = 3B229BE418EB485B87298F1A /* CormorantGaramond-Light.ttf */; };
		B2CCEBC142BE4BD8B4EDE674 /* gilroy-regular.ttf in Resources */ = {isa = PBXBuildFile; fileRef = 199C3514039D4FE0B1D183FA /* gilroy-regular.ttf */; };
		B63FF3E9150F44A194A1459C /* CormorantGaramond-SemiBoldItalic.ttf in Resources */ = {isa = PBXBuildFile; fileRef = E40E681FE7E44D299E35759E /* CormorantGaramond-SemiBoldItalic.ttf */; };
		D552010A3FE54593AD010990 /* Montserrat-ExtraLightItalic.ttf in Resources */ = {isa = PBXBuildFile; fileRef = CFA13CC601844CE8B21FBFEF /* Montserrat-ExtraLightItalic.ttf */; };
		E085B14E35A8431EBF7BF1A0 /* Montserrat-Light.ttf in Resources */ = {isa = PBXBuildFile; fileRef = 50A81CDBB19846F4A97D0CAC /* Montserrat-Light.ttf */; };
		EB41329458D44E66B96CA11E /* Montserrat-Black.ttf in Resources */ = {isa = PBXBuildFile; fileRef = 0740FCFF003B4707AD05CCBA /* Montserrat-Black.ttf */; };
		ECABC77AFD6747CEA3FBF131 /* Montserrat-ThinItalic.ttf in Resources */ = {isa = PBXBuildFile; fileRef = 42A9871B27924AD69BBBCAE8 /* Montserrat-ThinItalic.ttf */; };
		F0BE2A9EE9D545B7B17C416E /* gilroy-semibold.ttf in Resources */ = {isa = PBXBuildFile; fileRef = 9C77F48A250542C088A49629 /* gilroy-semibold.ttf */; };
		F2FF9936DC4743408D3714C0 /* Montserrat-LightItalic.ttf in Resources */ = {isa = PBXBuildFile; fileRef = E7D32988CB494758855D099F /* Montserrat-LightItalic.ttf */; };
		F7EC0A0CA71E413BB0646579 /* CormorantGaramond-Bold.ttf in Resources */ = {isa = PBXBuildFile; fileRef = C5F2AF3B65D4400687C16FBA /* CormorantGaramond-Bold.ttf */; };
		FCB232A75D544BC3BEF1E060 /* Montserrat-ExtraBoldItalic.ttf in Resources */ = {isa = PBXBuildFile; fileRef = FCC14A94F15442EA8D1754FC /* Montserrat-ExtraBoldItalic.ttf */; };
		FE24551053974C288AAC919A /* Montserrat-Italic.ttf in Resources */ = {isa = PBXBuildFile; fileRef = 34F2166CFB5341D09510BD7E /* Montserrat-Italic.ttf */; };
/* End PBXBuildFile section */

/* Begin PBXContainerItemProxy section */
		00E356F41AD99517003FC87E /* PBXContainerItemProxy */ = {
			isa = PBXContainerItemProxy;
			containerPortal = 83CBB9F71A601CBA00E9B192 /* Project object */;
			proxyType = 1;
			remoteGlobalIDString = 13B07F861A680F5B00A75B9A;
			remoteInfo = PetApp;
		};
/* End PBXContainerItemProxy section */

/* Begin PBXFileReference section */
		0088B5E522754D47B4475132 /* gilroy-thin.ttf */ = {isa = PBXFileReference; explicitFileType = undefined; fileEncoding = undefined; includeInIndex = 0; lastKnownFileType = unknown; name = "gilroy-thin.ttf"; path = "../src/assets/fonts/gilroy-thin.ttf"; sourceTree = "<group>"; };
		00E356EE1AD99517003FC87E /* PetAppTests.xctest */ = {isa = PBXFileReference; explicitFileType = wrapper.cfbundle; includeInIndex = 0; path = PetAppTests.xctest; sourceTree = BUILT_PRODUCTS_DIR; };
		00E356F11AD99517003FC87E /* Info.plist */ = {isa = PBXFileReference; lastKnownFileType = text.plist.xml; path = Info.plist; sourceTree = "<group>"; };
		00E356F21AD99517003FC87E /* PetAppTests.m */ = {isa = PBXFileReference; lastKnownFileType = sourcecode.c.objc; path = PetAppTests.m; sourceTree = "<group>"; };
		01D6AFB29AA245C198119CC1 /* Montserrat-Regular.ttf */ = {isa = PBXFileReference; explicitFileType = undefined; fileEncoding = undefined; includeInIndex = 0; lastKnownFileType = unknown; name = "Montserrat-Regular.ttf"; path = "../src/assets/fonts/Montserrat-Regular.ttf"; sourceTree = "<group>"; };
		0740FCFF003B4707AD05CCBA /* Montserrat-Black.ttf */ = {isa = PBXFileReference; explicitFileType = undefined; fileEncoding = undefined; includeInIndex = 0; lastKnownFileType = unknown; name = "Montserrat-Black.ttf"; path = "../src/assets/fonts/Montserrat-Black.ttf"; sourceTree = "<group>"; };
		13B07F961A680F5B00A75B9A /* PetApp.app */ = {isa = PBXFileReference; explicitFileType = wrapper.application; includeInIndex = 0; path = PetApp.app; sourceTree = BUILT_PRODUCTS_DIR; };
		13B07FAF1A68108700A75B9A /* AppDelegate.h */ = {isa = PBXFileReference; fileEncoding = 4; lastKnownFileType = sourcecode.c.h; name = AppDelegate.h; path = PetApp/AppDelegate.h; sourceTree = "<group>"; };
		13B07FB01A68108700A75B9A /* AppDelegate.m */ = {isa = PBXFileReference; fileEncoding = 4; lastKnownFileType = sourcecode.c.objc; name = AppDelegate.m; path = PetApp/AppDelegate.m; sourceTree = "<group>"; };
		13B07FB51A68108700A75B9A /* Images.xcassets */ = {isa = PBXFileReference; lastKnownFileType = folder.assetcatalog; name = Images.xcassets; path = PetApp/Images.xcassets; sourceTree = "<group>"; };
		13B07FB61A68108700A75B9A /* Info.plist */ = {isa = PBXFileReference; fileEncoding = 4; lastKnownFileType = text.plist.xml; name = Info.plist; path = PetApp/Info.plist; sourceTree = "<group>"; };
		13B07FB71A68108700A75B9A /* main.m */ = {isa = PBXFileReference; fileEncoding = 4; lastKnownFileType = sourcecode.c.objc; name = main.m; path = PetApp/main.m; sourceTree = "<group>"; };
		199C3514039D4FE0B1D183FA /* gilroy-regular.ttf */ = {isa = PBXFileReference; explicitFileType = undefined; fileEncoding = undefined; includeInIndex = 0; lastKnownFileType = unknown; name = "gilroy-regular.ttf"; path = "../src/assets/fonts/gilroy-regular.ttf"; sourceTree = "<group>"; };
		1D0AE47A65C8663E3B452821 /* Pods-PetApp-PetAppTests.release.xcconfig */ = {isa = PBXFileReference; includeInIndex = 1; lastKnownFileType = text.xcconfig; name = "Pods-PetApp-PetAppTests.release.xcconfig"; path = "Target Support Files/Pods-PetApp-PetAppTests/Pods-PetApp-PetAppTests.release.xcconfig"; sourceTree = "<group>"; };
		2D640892C34D4B98A12285E1 /* gilroy-black.ttf */ = {isa = PBXFileReference; explicitFileType = undefined; fileEncoding = undefined; includeInIndex = 0; lastKnownFileType = unknown; name = "gilroy-black.ttf"; path = "../src/assets/fonts/gilroy-black.ttf"; sourceTree = "<group>"; };
		34F2166CFB5341D09510BD7E /* Montserrat-Italic.ttf */ = {isa = PBXFileReference; explicitFileType = undefined; fileEncoding = undefined; includeInIndex = 0; lastKnownFileType = unknown; name = "Montserrat-Italic.ttf"; path = "../src/assets/fonts/Montserrat-Italic.ttf"; sourceTree = "<group>"; };
		37B385BB0C1143A4AFAA8020 /* Montserrat-Thin.ttf */ = {isa = PBXFileReference; explicitFileType = undefined; fileEncoding = undefined; includeInIndex = 0; lastKnownFileType = unknown; name = "Montserrat-Thin.ttf"; path = "../src/assets/fonts/Montserrat-Thin.ttf"; sourceTree = "<group>"; };
		3B229BE418EB485B87298F1A /* CormorantGaramond-Light.ttf */ = {isa = PBXFileReference; explicitFileType = undefined; fileEncoding = undefined; includeInIndex = 0; lastKnownFileType = unknown; name = "CormorantGaramond-Light.ttf"; path = "../src/assets/fonts/CormorantGaramond-Light.ttf"; sourceTree = "<group>"; };
		408B2637E8BC4891BD42668B /* gilroy-medium.ttf */ = {isa = PBXFileReference; explicitFileType = undefined; fileEncoding = undefined; includeInIndex = 0; lastKnownFileType = unknown; name = "gilroy-medium.ttf"; path = "../src/assets/fonts/gilroy-medium.ttf"; sourceTree = "<group>"; };
		42A9871B27924AD69BBBCAE8 /* Montserrat-ThinItalic.ttf */ = {isa = PBXFileReference; explicitFileType = undefined; fileEncoding = undefined; includeInIndex = 0; lastKnownFileType = unknown; name = "Montserrat-ThinItalic.ttf"; path = "../src/assets/fonts/Montserrat-ThinItalic.ttf"; sourceTree = "<group>"; };
		485A9B6C61E64E3DB6873887 /* Montserrat-BlackItalic.ttf */ = {isa = PBXFileReference; explicitFileType = undefined; fileEncoding = undefined; includeInIndex = 0; lastKnownFileType = unknown; name = "Montserrat-BlackItalic.ttf"; path = "../src/assets/fonts/Montserrat-BlackItalic.ttf"; sourceTree = "<group>"; };
		50A81CDBB19846F4A97D0CAC /* Montserrat-Light.ttf */ = {isa = PBXFileReference; explicitFileType = undefined; fileEncoding = undefined; includeInIndex = 0; lastKnownFileType = unknown; name = "Montserrat-Light.ttf"; path = "../src/assets/fonts/Montserrat-Light.ttf"; sourceTree = "<group>"; };
		6423831EA8574132BED9D8CC /* libPods-PetApp.a */ = {isa = PBXFileReference; explicitFileType = archive.ar; includeInIndex = 0; path = "libPods-PetApp.a"; sourceTree = BUILT_PRODUCTS_DIR; };
		6C97AB639B58BBB4B15BBE30 /* Pods-PetApp-PetAppTests.debug.xcconfig */ = {isa = PBXFileReference; includeInIndex = 1; lastKnownFileType = text.xcconfig; name = "Pods-PetApp-PetAppTests.debug.xcconfig"; path = "Target Support Files/Pods-PetApp-PetAppTests/Pods-PetApp-PetAppTests.debug.xcconfig"; sourceTree = "<group>"; };
		77F4269F11474A26813F089E /* Montserrat-SemiBoldItalic.ttf */ = {isa = PBXFileReference; explicitFileType = undefined; fileEncoding = undefined; includeInIndex = 0; lastKnownFileType = unknown; name = "Montserrat-SemiBoldItalic.ttf"; path = "../src/assets/fonts/Montserrat-SemiBoldItalic.ttf"; sourceTree = "<group>"; };
		81AB9BB72411601600AC10FF /* LaunchScreen.storyboard */ = {isa = PBXFileReference; fileEncoding = 4; lastKnownFileType = file.storyboard; name = LaunchScreen.storyboard; path = PetApp/LaunchScreen.storyboard; sourceTree = "<group>"; };
		8A433BFE840147D18E8E6005 /* gilroy-bold.ttf */ = {isa = PBXFileReference; explicitFileType = undefined; fileEncoding = undefined; includeInIndex = 0; lastKnownFileType = unknown; name = "gilroy-bold.ttf"; path = "../src/assets/fonts/gilroy-bold.ttf"; sourceTree = "<group>"; };
		8E992D16B33B47DCB5CCC52E /* Montserrat-SemiBold.ttf */ = {isa = PBXFileReference; explicitFileType = undefined; fileEncoding = undefined; includeInIndex = 0; lastKnownFileType = unknown; name = "Montserrat-SemiBold.ttf"; path = "../src/assets/fonts/Montserrat-SemiBold.ttf"; sourceTree = "<group>"; };
		91EB9A7AD5F24270A708588B /* CormorantGaramond-Regular.ttf */ = {isa = PBXFileReference; explicitFileType = undefined; fileEncoding = undefined; includeInIndex = 0; lastKnownFileType = unknown; name = "CormorantGaramond-Regular.ttf"; path = "../src/assets/fonts/CormorantGaramond-Regular.ttf"; sourceTree = "<group>"; };
		973B08CEA8774F989F836D3D /* CormorantGaramond-LightItalic.ttf */ = {isa = PBXFileReference; explicitFileType = undefined; fileEncoding = undefined; includeInIndex = 0; lastKnownFileType = unknown; name = "CormorantGaramond-LightItalic.ttf"; path = "../src/assets/fonts/CormorantGaramond-LightItalic.ttf"; sourceTree = "<group>"; };
		9C77F48A250542C088A49629 /* gilroy-semibold.ttf */ = {isa = PBXFileReference; explicitFileType = undefined; fileEncoding = undefined; includeInIndex = 0; lastKnownFileType = unknown; name = "gilroy-semibold.ttf"; path = "../src/assets/fonts/gilroy-semibold.ttf"; sourceTree = "<group>"; };
		9FF7B6E45E914E9384258587 /* Montserrat-MediumItalic.ttf */ = {isa = PBXFileReference; explicitFileType = undefined; fileEncoding = undefined; includeInIndex = 0; lastKnownFileType = unknown; name = "Montserrat-MediumItalic.ttf"; path = "../src/assets/fonts/Montserrat-MediumItalic.ttf"; sourceTree = "<group>"; };
		ABFE59519B596E51CEFDCCC0 /* libPods-PetApp-PetAppTests.a */ = {isa = PBXFileReference; explicitFileType = archive.ar; includeInIndex = 0; path = "libPods-PetApp-PetAppTests.a"; sourceTree = BUILT_PRODUCTS_DIR; };
		AD8F5AF63A9540EC9EFC118D /* CormorantGaramond-Italic.ttf */ = {isa = PBXFileReference; explicitFileType = undefined; fileEncoding = undefined; includeInIndex = 0; lastKnownFileType = unknown; name = "CormorantGaramond-Italic.ttf"; path = "../src/assets/fonts/CormorantGaramond-Italic.ttf"; sourceTree = "<group>"; };
		B29ECABB9DA14D6E9D22DF2E /* Montserrat-Bold.ttf */ = {isa = PBXFileReference; explicitFileType = undefined; fileEncoding = undefined; includeInIndex = 0; lastKnownFileType = unknown; name = "Montserrat-Bold.ttf"; path = "../src/assets/fonts/Montserrat-Bold.ttf"; sourceTree = "<group>"; };
		B3C9975609A84F99B0515E8C /* CormorantGaramond-SemiBold.ttf */ = {isa = PBXFileReference; explicitFileType = undefined; fileEncoding = undefined; includeInIndex = 0; lastKnownFileType = unknown; name = "CormorantGaramond-SemiBold.ttf"; path = "../src/assets/fonts/CormorantGaramond-SemiBold.ttf"; sourceTree = "<group>"; };
		B48F1E8EE2DC418E8B5E320A /* gilroy-ultralight.ttf */ = {isa = PBXFileReference; explicitFileType = undefined; fileEncoding = undefined; includeInIndex = 0; lastKnownFileType = unknown; name = "gilroy-ultralight.ttf"; path = "../src/assets/fonts/gilroy-ultralight.ttf"; sourceTree = "<group>"; };
		C0A881CF5CF3F2B244570E2A /* Pods-PetApp.debug.xcconfig */ = {isa = PBXFileReference; includeInIndex = 1; lastKnownFileType = text.xcconfig; name = "Pods-PetApp.debug.xcconfig"; path = "Target Support Files/Pods-PetApp/Pods-PetApp.debug.xcconfig"; sourceTree = "<group>"; };
		C2582E98035B46CD91731508 /* CormorantGaramond-BoldItalic.ttf */ = {isa = PBXFileReference; explicitFileType = undefined; fileEncoding = undefined; includeInIndex = 0; lastKnownFileType = unknown; name = "CormorantGaramond-BoldItalic.ttf"; path = "../src/assets/fonts/CormorantGaramond-BoldItalic.ttf"; sourceTree = "<group>"; };
		C5F2AF3B65D4400687C16FBA /* CormorantGaramond-Bold.ttf */ = {isa = PBXFileReference; explicitFileType = undefined; fileEncoding = undefined; includeInIndex = 0; lastKnownFileType = unknown; name = "CormorantGaramond-Bold.ttf"; path = "../src/assets/fonts/CormorantGaramond-Bold.ttf"; sourceTree = "<group>"; };
		CFA13CC601844CE8B21FBFEF /* Montserrat-ExtraLightItalic.ttf */ = {isa = PBXFileReference; explicitFileType = undefined; fileEncoding = undefined; includeInIndex = 0; lastKnownFileType = unknown; name = "Montserrat-ExtraLightItalic.ttf"; path = "../src/assets/fonts/Montserrat-ExtraLightItalic.ttf"; sourceTree = "<group>"; };
		D00AAFFCFCFDA5787532823F /* Pods-PetApp.release.xcconfig */ = {isa = PBXFileReference; includeInIndex = 1; lastKnownFileType = text.xcconfig; name = "Pods-PetApp.release.xcconfig"; path = "Target Support Files/Pods-PetApp/Pods-PetApp.release.xcconfig"; sourceTree = "<group>"; };
		D7BBBBFAB2AE40D781C5F254 /* Montserrat-BoldItalic.ttf */ = {isa = PBXFileReference; explicitFileType = undefined; fileEncoding = undefined; includeInIndex = 0; lastKnownFileType = unknown; name = "Montserrat-BoldItalic.ttf"; path = "../src/assets/fonts/Montserrat-BoldItalic.ttf"; sourceTree = "<group>"; };
		D7CD333AB9804486B2206882 /* Montserrat-Medium.ttf */ = {isa = PBXFileReference; explicitFileType = undefined; fileEncoding = undefined; includeInIndex = 0; lastKnownFileType = unknown; name = "Montserrat-Medium.ttf"; path = "../src/assets/fonts/Montserrat-Medium.ttf"; sourceTree = "<group>"; };
		DA84039ABB894D4BB8DC3D14 /* CormorantGaramond-MediumItalic.ttf */ = {isa = PBXFileReference; explicitFileType = undefined; fileEncoding = undefined; includeInIndex = 0; lastKnownFileType = unknown; name = "CormorantGaramond-MediumItalic.ttf"; path = "../src/assets/fonts/CormorantGaramond-MediumItalic.ttf"; sourceTree = "<group>"; };
		E40E681FE7E44D299E35759E /* CormorantGaramond-SemiBoldItalic.ttf */ = {isa = PBXFileReference; explicitFileType = undefined; fileEncoding = undefined; includeInIndex = 0; lastKnownFileType = unknown; name = "CormorantGaramond-SemiBoldItalic.ttf"; path = "../src/assets/fonts/CormorantGaramond-SemiBoldItalic.ttf"; sourceTree = "<group>"; };
		E7D32988CB494758855D099F /* Montserrat-LightItalic.ttf */ = {isa = PBXFileReference; explicitFileType = undefined; fileEncoding = undefined; includeInIndex = 0; lastKnownFileType = unknown; name = "Montserrat-LightItalic.ttf"; path = "../src/assets/fonts/Montserrat-LightItalic.ttf"; sourceTree = "<group>"; };
		E9D20F6490914E4DB915AFC0 /* Montserrat-ExtraLight.ttf */ = {isa = PBXFileReference; explicitFileType = undefined; fileEncoding = undefined; includeInIndex = 0; lastKnownFileType = unknown; name = "Montserrat-ExtraLight.ttf"; path = "../src/assets/fonts/Montserrat-ExtraLight.ttf"; sourceTree = "<group>"; };
		ED297162215061F000B7C4FE /* JavaScriptCore.framework */ = {isa = PBXFileReference; lastKnownFileType = wrapper.framework; name = JavaScriptCore.framework; path = System/Library/Frameworks/JavaScriptCore.framework; sourceTree = SDKROOT; };
		EFBD5AB189904CC5B0E4D686 /* CormorantGaramond-Medium.ttf */ = {isa = PBXFileReference; explicitFileType = undefined; fileEncoding = undefined; includeInIndex = 0; lastKnownFileType = unknown; name = "CormorantGaramond-Medium.ttf"; path = "../src/assets/fonts/CormorantGaramond-Medium.ttf"; sourceTree = "<group>"; };
		FCC14A94F15442EA8D1754FC /* Montserrat-ExtraBoldItalic.ttf */ = {isa = PBXFileReference; explicitFileType = undefined; fileEncoding = undefined; includeInIndex = 0; lastKnownFileType = unknown; name = "Montserrat-ExtraBoldItalic.ttf"; path = "../src/assets/fonts/Montserrat-ExtraBoldItalic.ttf"; sourceTree = "<group>"; };
		FFF56B65F7B94FE58383C9C6 /* Montserrat-ExtraBold.ttf */ = {isa = PBXFileReference; explicitFileType = undefined; fileEncoding = undefined; includeInIndex = 0; lastKnownFileType = unknown; name = "Montserrat-ExtraBold.ttf"; path = "../src/assets/fonts/Montserrat-ExtraBold.ttf"; sourceTree = "<group>"; };
/* End PBXFileReference section */

/* Begin PBXFrameworksBuildPhase section */
		00E356EB1AD99517003FC87E /* Frameworks */ = {
			isa = PBXFrameworksBuildPhase;
			buildActionMask = 2147483647;
			files = (
				7EF68E3733C33B6898317E18 /* libPods-PetApp-PetAppTests.a in Frameworks */,
			);
			runOnlyForDeploymentPostprocessing = 0;
		};
		13B07F8C1A680F5B00A75B9A /* Frameworks */ = {
			isa = PBXFrameworksBuildPhase;
			buildActionMask = 2147483647;
			files = (
				6172F2D35A4C3AA820D92908 /* libPods-PetApp.a in Frameworks */,
			);
			runOnlyForDeploymentPostprocessing = 0;
		};
/* End PBXFrameworksBuildPhase section */

/* Begin PBXGroup section */
		00E356EF1AD99517003FC87E /* PetAppTests */ = {
			isa = PBXGroup;
			children = (
				00E356F21AD99517003FC87E /* PetAppTests.m */,
				00E356F01AD99517003FC87E /* Supporting Files */,
			);
			path = PetAppTests;
			sourceTree = "<group>";
		};
		00E356F01AD99517003FC87E /* Supporting Files */ = {
			isa = PBXGroup;
			children = (
				00E356F11AD99517003FC87E /* Info.plist */,
			);
			name = "Supporting Files";
			sourceTree = "<group>";
		};
		13B07FAE1A68108700A75B9A /* PetApp */ = {
			isa = PBXGroup;
			children = (
				13B07FAF1A68108700A75B9A /* AppDelegate.h */,
				13B07FB01A68108700A75B9A /* AppDelegate.m */,
				13B07FB51A68108700A75B9A /* Images.xcassets */,
				13B07FB61A68108700A75B9A /* Info.plist */,
				81AB9BB72411601600AC10FF /* LaunchScreen.storyboard */,
				13B07FB71A68108700A75B9A /* main.m */,
			);
			name = PetApp;
			sourceTree = "<group>";
		};
		2D16E6871FA4F8E400B85C8A /* Frameworks */ = {
			isa = PBXGroup;
			children = (
				ED297162215061F000B7C4FE /* JavaScriptCore.framework */,
				6423831EA8574132BED9D8CC /* libPods-PetApp.a */,
				ABFE59519B596E51CEFDCCC0 /* libPods-PetApp-PetAppTests.a */,
			);
			name = Frameworks;
			sourceTree = "<group>";
		};
		5B8DE9FA475D40B5B66002A6 /* Resources */ = {
			isa = PBXGroup;
			children = (
				C5F2AF3B65D4400687C16FBA /* CormorantGaramond-Bold.ttf */,
				C2582E98035B46CD91731508 /* CormorantGaramond-BoldItalic.ttf */,
				AD8F5AF63A9540EC9EFC118D /* CormorantGaramond-Italic.ttf */,
				3B229BE418EB485B87298F1A /* CormorantGaramond-Light.ttf */,
				973B08CEA8774F989F836D3D /* CormorantGaramond-LightItalic.ttf */,
				EFBD5AB189904CC5B0E4D686 /* CormorantGaramond-Medium.ttf */,
				DA84039ABB894D4BB8DC3D14 /* CormorantGaramond-MediumItalic.ttf */,
				91EB9A7AD5F24270A708588B /* CormorantGaramond-Regular.ttf */,
				B3C9975609A84F99B0515E8C /* CormorantGaramond-SemiBold.ttf */,
				E40E681FE7E44D299E35759E /* CormorantGaramond-SemiBoldItalic.ttf */,
				2D640892C34D4B98A12285E1 /* gilroy-black.ttf */,
				8A433BFE840147D18E8E6005 /* gilroy-bold.ttf */,
				408B2637E8BC4891BD42668B /* gilroy-medium.ttf */,
				199C3514039D4FE0B1D183FA /* gilroy-regular.ttf */,
				9C77F48A250542C088A49629 /* gilroy-semibold.ttf */,
				0088B5E522754D47B4475132 /* gilroy-thin.ttf */,
				B48F1E8EE2DC418E8B5E320A /* gilroy-ultralight.ttf */,
				0740FCFF003B4707AD05CCBA /* Montserrat-Black.ttf */,
				485A9B6C61E64E3DB6873887 /* Montserrat-BlackItalic.ttf */,
				B29ECABB9DA14D6E9D22DF2E /* Montserrat-Bold.ttf */,
				D7BBBBFAB2AE40D781C5F254 /* Montserrat-BoldItalic.ttf */,
				FFF56B65F7B94FE58383C9C6 /* Montserrat-ExtraBold.ttf */,
				FCC14A94F15442EA8D1754FC /* Montserrat-ExtraBoldItalic.ttf */,
				E9D20F6490914E4DB915AFC0 /* Montserrat-ExtraLight.ttf */,
				CFA13CC601844CE8B21FBFEF /* Montserrat-ExtraLightItalic.ttf */,
				34F2166CFB5341D09510BD7E /* Montserrat-Italic.ttf */,
				50A81CDBB19846F4A97D0CAC /* Montserrat-Light.ttf */,
				E7D32988CB494758855D099F /* Montserrat-LightItalic.ttf */,
				D7CD333AB9804486B2206882 /* Montserrat-Medium.ttf */,
				9FF7B6E45E914E9384258587 /* Montserrat-MediumItalic.ttf */,
				01D6AFB29AA245C198119CC1 /* Montserrat-Regular.ttf */,
				8E992D16B33B47DCB5CCC52E /* Montserrat-SemiBold.ttf */,
				77F4269F11474A26813F089E /* Montserrat-SemiBoldItalic.ttf */,
				37B385BB0C1143A4AFAA8020 /* Montserrat-Thin.ttf */,
				42A9871B27924AD69BBBCAE8 /* Montserrat-ThinItalic.ttf */,
			);
			name = Resources;
			path = "";
			sourceTree = "<group>";
		};
		832341AE1AAA6A7D00B99B32 /* Libraries */ = {
			isa = PBXGroup;
			children = (
			);
			name = Libraries;
			sourceTree = "<group>";
		};
		83CBB9F61A601CBA00E9B192 = {
			isa = PBXGroup;
			children = (
				13B07FAE1A68108700A75B9A /* PetApp */,
				832341AE1AAA6A7D00B99B32 /* Libraries */,
				00E356EF1AD99517003FC87E /* PetAppTests */,
				83CBBA001A601CBA00E9B192 /* Products */,
				2D16E6871FA4F8E400B85C8A /* Frameworks */,
				E233CBF5F47BEE60B243DCF8 /* Pods */,
				5B8DE9FA475D40B5B66002A6 /* Resources */,
			);
			indentWidth = 2;
			sourceTree = "<group>";
			tabWidth = 2;
			usesTabs = 0;
		};
		83CBBA001A601CBA00E9B192 /* Products */ = {
			isa = PBXGroup;
			children = (
				13B07F961A680F5B00A75B9A /* PetApp.app */,
				00E356EE1AD99517003FC87E /* PetAppTests.xctest */,
			);
			name = Products;
			sourceTree = "<group>";
		};
		E233CBF5F47BEE60B243DCF8 /* Pods */ = {
			isa = PBXGroup;
			children = (
				C0A881CF5CF3F2B244570E2A /* Pods-PetApp.debug.xcconfig */,
				D00AAFFCFCFDA5787532823F /* Pods-PetApp.release.xcconfig */,
				6C97AB639B58BBB4B15BBE30 /* Pods-PetApp-PetAppTests.debug.xcconfig */,
				1D0AE47A65C8663E3B452821 /* Pods-PetApp-PetAppTests.release.xcconfig */,
			);
			name = Pods;
			path = Pods;
			sourceTree = "<group>";
		};
/* End PBXGroup section */

/* Begin PBXNativeTarget section */
		00E356ED1AD99517003FC87E /* PetAppTests */ = {
			isa = PBXNativeTarget;
			buildConfigurationList = 00E357021AD99517003FC87E /* Build configuration list for PBXNativeTarget "PetAppTests" */;
			buildPhases = (
				A130D646172E58E1D159D8F2 /* [CP] Check Pods Manifest.lock */,
				00E356EA1AD99517003FC87E /* Sources */,
				00E356EB1AD99517003FC87E /* Frameworks */,
				00E356EC1AD99517003FC87E /* Resources */,
				077E01280D4B4AD18B2E1770 /* [CP] Embed Pods Frameworks */,
				4E62BDF20514810D028A5FBF /* [CP] Copy Pods Resources */,
			);
			buildRules = (
			);
			dependencies = (
				00E356F51AD99517003FC87E /* PBXTargetDependency */,
			);
			name = PetAppTests;
			productName = PetAppTests;
			productReference = 00E356EE1AD99517003FC87E /* PetAppTests.xctest */;
			productType = "com.apple.product-type.bundle.unit-test";
		};
		13B07F861A680F5B00A75B9A /* PetApp */ = {
			isa = PBXNativeTarget;
			buildConfigurationList = 13B07F931A680F5B00A75B9A /* Build configuration list for PBXNativeTarget "PetApp" */;
			buildPhases = (
				3E482C27206C4DEF2FE45063 /* [CP] Check Pods Manifest.lock */,
				FD10A7F022414F080027D42C /* Start Packager */,
				13B07F871A680F5B00A75B9A /* Sources */,
				13B07F8C1A680F5B00A75B9A /* Frameworks */,
				13B07F8E1A680F5B00A75B9A /* Resources */,
				00DD1BFF1BD5951E006B06BC /* Bundle React Native code and images */,
				C8AC78B0264D0F9F6F6D630E /* [CP] Embed Pods Frameworks */,
				ADC9DDC32298B72B3CF5DC8E /* [CP] Copy Pods Resources */,
			);
			buildRules = (
			);
			dependencies = (
			);
			name = PetApp;
			productName = PetApp;
			productReference = 13B07F961A680F5B00A75B9A /* PetApp.app */;
			productType = "com.apple.product-type.application";
		};
/* End PBXNativeTarget section */

/* Begin PBXProject section */
		83CBB9F71A601CBA00E9B192 /* Project object */ = {
			isa = PBXProject;
			attributes = {
				LastUpgradeCheck = 1210;
				TargetAttributes = {
					00E356ED1AD99517003FC87E = {
						CreatedOnToolsVersion = 6.2;
						TestTargetID = 13B07F861A680F5B00A75B9A;
					};
					13B07F861A680F5B00A75B9A = {
						LastSwiftMigration = 1120;
					};
				};
			};
			buildConfigurationList = 83CBB9FA1A601CBA00E9B192 /* Build configuration list for PBXProject "PetApp" */;
			compatibilityVersion = "Xcode 12.0";
			developmentRegion = en;
			hasScannedForEncodings = 0;
			knownRegions = (
				en,
				Base,
			);
			mainGroup = 83CBB9F61A601CBA00E9B192;
			productRefGroup = 83CBBA001A601CBA00E9B192 /* Products */;
			projectDirPath = "";
			projectRoot = "";
			targets = (
				13B07F861A680F5B00A75B9A /* PetApp */,
				00E356ED1AD99517003FC87E /* PetAppTests */,
			);
		};
/* End PBXProject section */

/* Begin PBXResourcesBuildPhase section */
		00E356EC1AD99517003FC87E /* Resources */ = {
			isa = PBXResourcesBuildPhase;
			buildActionMask = 2147483647;
			files = (
			);
			runOnlyForDeploymentPostprocessing = 0;
		};
		13B07F8E1A680F5B00A75B9A /* Resources */ = {
			isa = PBXResourcesBuildPhase;
			buildActionMask = 2147483647;
			files = (
				81AB9BB82411601600AC10FF /* LaunchScreen.storyboard in Resources */,
				13B07FBF1A68108700A75B9A /* Images.xcassets in Resources */,
				F7EC0A0CA71E413BB0646579 /* CormorantGaramond-Bold.ttf in Resources */,
				8F433FA34A1A45D6A36724C4 /* CormorantGaramond-BoldItalic.ttf in Resources */,
				40F11E7EE2C24C06A5222264 /* CormorantGaramond-Italic.ttf in Resources */,
				AC3795CADF67414880C1B12F /* CormorantGaramond-Light.ttf in Resources */,
				9C1C8A990D9C43AB9EB21305 /* CormorantGaramond-LightItalic.ttf in Resources */,
				8FB8FFE399A5493691CDFA52 /* CormorantGaramond-Medium.ttf in Resources */,
				1E91DE9BBDE145CCA3865A41 /* CormorantGaramond-MediumItalic.ttf in Resources */,
				283D26524DF04D58858B6E90 /* CormorantGaramond-Regular.ttf in Resources */,
				81BE6010E0A74D4482A63A0C /* CormorantGaramond-SemiBold.ttf in Resources */,
				B63FF3E9150F44A194A1459C /* CormorantGaramond-SemiBoldItalic.ttf in Resources */,
				91D8EBA9230540FEACB31284 /* gilroy-black.ttf in Resources */,
				3749DE02D09547C08757C858 /* gilroy-bold.ttf in Resources */,
				131A278BE9B54E44AE213C0A /* gilroy-medium.ttf in Resources */,
				B2CCEBC142BE4BD8B4EDE674 /* gilroy-regular.ttf in Resources */,
				F0BE2A9EE9D545B7B17C416E /* gilroy-semibold.ttf in Resources */,
				4CE9B585EF5B47E5947B2F4E /* gilroy-thin.ttf in Resources */,
				11A8363C7B56481588764A6A /* gilroy-ultralight.ttf in Resources */,
				EB41329458D44E66B96CA11E /* Montserrat-Black.ttf in Resources */,
				716E341AA7074F9AABC03F2A /* Montserrat-BlackItalic.ttf in Resources */,
				3AAAD0F8CA94418CB5DD4618 /* Montserrat-Bold.ttf in Resources */,
				0A43674C81E74F2D8F380596 /* Montserrat-BoldItalic.ttf in Resources */,
				60E86EBA237C4733BA7BC1D8 /* Montserrat-ExtraBold.ttf in Resources */,
				FCB232A75D544BC3BEF1E060 /* Montserrat-ExtraBoldItalic.ttf in Resources */,
				89A65FFEC3AD4F6D9CE93822 /* Montserrat-ExtraLight.ttf in Resources */,
				D552010A3FE54593AD010990 /* Montserrat-ExtraLightItalic.ttf in Resources */,
				FE24551053974C288AAC919A /* Montserrat-Italic.ttf in Resources */,
				E085B14E35A8431EBF7BF1A0 /* Montserrat-Light.ttf in Resources */,
				F2FF9936DC4743408D3714C0 /* Montserrat-LightItalic.ttf in Resources */,
				0DA979D4A62F4ED6935BBDFE /* Montserrat-Medium.ttf in Resources */,
				9CAA01A4AEF84E57B1A8D64E /* Montserrat-MediumItalic.ttf in Resources */,
				21A4D7F7AA16435AA64D68F9 /* Montserrat-Regular.ttf in Resources */,
				371093509FDD43BC825D41C1 /* Montserrat-SemiBold.ttf in Resources */,
				6550A06C10DE460CA05D2E17 /* Montserrat-SemiBoldItalic.ttf in Resources */,
				39A2E3F2E9C64E77847DBFDD /* Montserrat-Thin.ttf in Resources */,
				ECABC77AFD6747CEA3FBF131 /* Montserrat-ThinItalic.ttf in Resources */,
			);
			runOnlyForDeploymentPostprocessing = 0;
		};
/* End PBXResourcesBuildPhase section */

/* Begin PBXShellScriptBuildPhase section */
		00DD1BFF1BD5951E006B06BC /* Bundle React Native code and images */ = {
			isa = PBXShellScriptBuildPhase;
			buildActionMask = 2147483647;
			files = (
			);
			inputPaths = (
			);
			name = "Bundle React Native code and images";
			outputPaths = (
			);
			runOnlyForDeploymentPostprocessing = 0;
			shellPath = /bin/sh;
			shellScript = "set -e\n\nexport NODE_BINARY=node\n../node_modules/react-native/scripts/react-native-xcode.sh\n";
		};
		077E01280D4B4AD18B2E1770 /* [CP] Embed Pods Frameworks */ = {
			isa = PBXShellScriptBuildPhase;
			buildActionMask = 2147483647;
			files = (
			);
			inputFileListPaths = (
				"${PODS_ROOT}/Target Support Files/Pods-PetApp-PetAppTests/Pods-PetApp-PetAppTests-frameworks-${CONFIGURATION}-input-files.xcfilelist",
			);
			name = "[CP] Embed Pods Frameworks";
			outputFileListPaths = (
				"${PODS_ROOT}/Target Support Files/Pods-PetApp-PetAppTests/Pods-PetApp-PetAppTests-frameworks-${CONFIGURATION}-output-files.xcfilelist",
			);
			runOnlyForDeploymentPostprocessing = 0;
			shellPath = /bin/sh;
			shellScript = "\"${PODS_ROOT}/Target Support Files/Pods-PetApp-PetAppTests/Pods-PetApp-PetAppTests-frameworks.sh\"\n";
			showEnvVarsInLog = 0;
		};
		3E482C27206C4DEF2FE45063 /* [CP] Check Pods Manifest.lock */ = {
			isa = PBXShellScriptBuildPhase;
			buildActionMask = 2147483647;
			files = (
			);
			inputFileListPaths = (
			);
			inputPaths = (
				"${PODS_PODFILE_DIR_PATH}/Podfile.lock",
				"${PODS_ROOT}/Manifest.lock",
			);
			name = "[CP] Check Pods Manifest.lock";
			outputFileListPaths = (
			);
			outputPaths = (
				"$(DERIVED_FILE_DIR)/Pods-PetApp-checkManifestLockResult.txt",
			);
			runOnlyForDeploymentPostprocessing = 0;
			shellPath = /bin/sh;
			shellScript = "diff \"${PODS_PODFILE_DIR_PATH}/Podfile.lock\" \"${PODS_ROOT}/Manifest.lock\" > /dev/null\nif [ $? != 0 ] ; then\n    # print error to STDERR\n    echo \"error: The sandbox is not in sync with the Podfile.lock. Run 'pod install' or update your CocoaPods installation.\" >&2\n    exit 1\nfi\n# This output is used by Xcode 'outputs' to avoid re-running this script phase.\necho \"SUCCESS\" > \"${SCRIPT_OUTPUT_FILE_0}\"\n";
			showEnvVarsInLog = 0;
		};
		4E62BDF20514810D028A5FBF /* [CP] Copy Pods Resources */ = {
			isa = PBXShellScriptBuildPhase;
			buildActionMask = 2147483647;
			files = (
			);
			inputFileListPaths = (
				"${PODS_ROOT}/Target Support Files/Pods-PetApp-PetAppTests/Pods-PetApp-PetAppTests-resources-${CONFIGURATION}-input-files.xcfilelist",
			);
			name = "[CP] Copy Pods Resources";
			outputFileListPaths = (
				"${PODS_ROOT}/Target Support Files/Pods-PetApp-PetAppTests/Pods-PetApp-PetAppTests-resources-${CONFIGURATION}-output-files.xcfilelist",
			);
			runOnlyForDeploymentPostprocessing = 0;
			shellPath = /bin/sh;
			shellScript = "\"${PODS_ROOT}/Target Support Files/Pods-PetApp-PetAppTests/Pods-PetApp-PetAppTests-resources.sh\"\n";
			showEnvVarsInLog = 0;
		};
		A130D646172E58E1D159D8F2 /* [CP] Check Pods Manifest.lock */ = {
			isa = PBXShellScriptBuildPhase;
			buildActionMask = 2147483647;
			files = (
			);
			inputFileListPaths = (
			);
			inputPaths = (
				"${PODS_PODFILE_DIR_PATH}/Podfile.lock",
				"${PODS_ROOT}/Manifest.lock",
			);
			name = "[CP] Check Pods Manifest.lock";
			outputFileListPaths = (
			);
			outputPaths = (
				"$(DERIVED_FILE_DIR)/Pods-PetApp-PetAppTests-checkManifestLockResult.txt",
			);
			runOnlyForDeploymentPostprocessing = 0;
			shellPath = /bin/sh;
			shellScript = "diff \"${PODS_PODFILE_DIR_PATH}/Podfile.lock\" \"${PODS_ROOT}/Manifest.lock\" > /dev/null\nif [ $? != 0 ] ; then\n    # print error to STDERR\n    echo \"error: The sandbox is not in sync with the Podfile.lock. Run 'pod install' or update your CocoaPods installation.\" >&2\n    exit 1\nfi\n# This output is used by Xcode 'outputs' to avoid re-running this script phase.\necho \"SUCCESS\" > \"${SCRIPT_OUTPUT_FILE_0}\"\n";
			showEnvVarsInLog = 0;
		};
		ADC9DDC32298B72B3CF5DC8E /* [CP] Copy Pods Resources */ = {
			isa = PBXShellScriptBuildPhase;
			buildActionMask = 2147483647;
			files = (
			);
			inputFileListPaths = (
				"${PODS_ROOT}/Target Support Files/Pods-PetApp/Pods-PetApp-resources-${CONFIGURATION}-input-files.xcfilelist",
			);
			name = "[CP] Copy Pods Resources";
			outputFileListPaths = (
				"${PODS_ROOT}/Target Support Files/Pods-PetApp/Pods-PetApp-resources-${CONFIGURATION}-output-files.xcfilelist",
			);
			runOnlyForDeploymentPostprocessing = 0;
			shellPath = /bin/sh;
			shellScript = "\"${PODS_ROOT}/Target Support Files/Pods-PetApp/Pods-PetApp-resources.sh\"\n";
			showEnvVarsInLog = 0;
		};
		C8AC78B0264D0F9F6F6D630E /* [CP] Embed Pods Frameworks */ = {
			isa = PBXShellScriptBuildPhase;
			buildActionMask = 2147483647;
			files = (
			);
			inputFileListPaths = (
				"${PODS_ROOT}/Target Support Files/Pods-PetApp/Pods-PetApp-frameworks-${CONFIGURATION}-input-files.xcfilelist",
			);
			name = "[CP] Embed Pods Frameworks";
			outputFileListPaths = (
				"${PODS_ROOT}/Target Support Files/Pods-PetApp/Pods-PetApp-frameworks-${CONFIGURATION}-output-files.xcfilelist",
			);
			runOnlyForDeploymentPostprocessing = 0;
			shellPath = /bin/sh;
			shellScript = "\"${PODS_ROOT}/Target Support Files/Pods-PetApp/Pods-PetApp-frameworks.sh\"\n";
			showEnvVarsInLog = 0;
		};
		FD10A7F022414F080027D42C /* Start Packager */ = {
			isa = PBXShellScriptBuildPhase;
			buildActionMask = 2147483647;
			files = (
			);
			inputFileListPaths = (
			);
			inputPaths = (
			);
			name = "Start Packager";
			outputFileListPaths = (
			);
			outputPaths = (
			);
			runOnlyForDeploymentPostprocessing = 0;
			shellPath = /bin/sh;
			shellScript = "export RCT_METRO_PORT=\"${RCT_METRO_PORT:=8081}\"\necho \"export RCT_METRO_PORT=${RCT_METRO_PORT}\" > \"${SRCROOT}/../node_modules/react-native/scripts/.packager.env\"\nif [ -z \"${RCT_NO_LAUNCH_PACKAGER+xxx}\" ] ; then\n  if nc -w 5 -z localhost ${RCT_METRO_PORT} ; then\n    if ! curl -s \"http://localhost:${RCT_METRO_PORT}/status\" | grep -q \"packager-status:running\" ; then\n      echo \"Port ${RCT_METRO_PORT} already in use, packager is either not running or not running correctly\"\n      exit 2\n    fi\n  else\n    open \"$SRCROOT/../node_modules/react-native/scripts/launchPackager.command\" || echo \"Can't start packager automatically\"\n  fi\nfi\n";
			showEnvVarsInLog = 0;
		};
/* End PBXShellScriptBuildPhase section */

/* Begin PBXSourcesBuildPhase section */
		00E356EA1AD99517003FC87E /* Sources */ = {
			isa = PBXSourcesBuildPhase;
			buildActionMask = 2147483647;
			files = (
				00E356F31AD99517003FC87E /* PetAppTests.m in Sources */,
			);
			runOnlyForDeploymentPostprocessing = 0;
		};
		13B07F871A680F5B00A75B9A /* Sources */ = {
			isa = PBXSourcesBuildPhase;
			buildActionMask = 2147483647;
			files = (
				13B07FBC1A68108700A75B9A /* AppDelegate.m in Sources */,
				13B07FC11A68108700A75B9A /* main.m in Sources */,
			);
			runOnlyForDeploymentPostprocessing = 0;
		};
/* End PBXSourcesBuildPhase section */

/* Begin PBXTargetDependency section */
		00E356F51AD99517003FC87E /* PBXTargetDependency */ = {
			isa = PBXTargetDependency;
			target = 13B07F861A680F5B00A75B9A /* PetApp */;
			targetProxy = 00E356F41AD99517003FC87E /* PBXContainerItemProxy */;
		};
/* End PBXTargetDependency section */

/* Begin XCBuildConfiguration section */
		00E356F61AD99517003FC87E /* Debug */ = {
			isa = XCBuildConfiguration;
			baseConfigurationReference = 6C97AB639B58BBB4B15BBE30 /* Pods-PetApp-PetAppTests.debug.xcconfig */;
			buildSettings = {
				BUNDLE_LOADER = "$(TEST_HOST)";
				GCC_PREPROCESSOR_DEFINITIONS = (
					"DEBUG=1",
					"$(inherited)",
				);
				INFOPLIST_FILE = PetAppTests/Info.plist;
				IPHONEOS_DEPLOYMENT_TARGET = 11.0;
				LD_RUNPATH_SEARCH_PATHS = (
					"$(inherited)",
					"@executable_path/Frameworks",
					"@loader_path/Frameworks",
				);
				OTHER_LDFLAGS = (
					"-ObjC",
					"-lc++",
					"$(inherited)",
				);
				PRODUCT_BUNDLE_IDENTIFIER = "org.reactjs.native.example.$(PRODUCT_NAME:rfc1034identifier)";
				PRODUCT_NAME = "$(TARGET_NAME)";
				TEST_HOST = "$(BUILT_PRODUCTS_DIR)/PetApp.app/PetApp";
			};
			name = Debug;
		};
		00E356F71AD99517003FC87E /* Release */ = {
			isa = XCBuildConfiguration;
			baseConfigurationReference = 1D0AE47A65C8663E3B452821 /* Pods-PetApp-PetAppTests.release.xcconfig */;
			buildSettings = {
				BUNDLE_LOADER = "$(TEST_HOST)";
				COPY_PHASE_STRIP = NO;
				INFOPLIST_FILE = PetAppTests/Info.plist;
				IPHONEOS_DEPLOYMENT_TARGET = 11.0;
				LD_RUNPATH_SEARCH_PATHS = (
					"$(inherited)",
					"@executable_path/Frameworks",
					"@loader_path/Frameworks",
				);
				OTHER_LDFLAGS = (
					"-ObjC",
					"-lc++",
					"$(inherited)",
				);
				PRODUCT_BUNDLE_IDENTIFIER = "org.reactjs.native.example.$(PRODUCT_NAME:rfc1034identifier)";
				PRODUCT_NAME = "$(TARGET_NAME)";
				TEST_HOST = "$(BUILT_PRODUCTS_DIR)/PetApp.app/PetApp";
			};
			name = Release;
		};
		13B07F941A680F5B00A75B9A /* Debug */ = {
			isa = XCBuildConfiguration;
			baseConfigurationReference = C0A881CF5CF3F2B244570E2A /* Pods-PetApp.debug.xcconfig */;
			buildSettings = {
				ASSETCATALOG_COMPILER_APPICON_NAME = AppIcon;
				CLANG_ENABLE_MODULES = YES;
				CURRENT_PROJECT_VERSION = 1;
				ENABLE_BITCODE = NO;
				INFOPLIST_FILE = PetApp/Info.plist;
				LD_RUNPATH_SEARCH_PATHS = (
					"$(inherited)",
					"@executable_path/Frameworks",
				);
				OTHER_LDFLAGS = (
					"$(inherited)",
					"-ObjC",
					"-lc++",
				);
				PRODUCT_BUNDLE_IDENTIFIER = "org.reactjs.native.example.$(PRODUCT_NAME:rfc1034identifier)";
				PRODUCT_NAME = PetApp;
				SWIFT_OPTIMIZATION_LEVEL = "-Onone";
				SWIFT_VERSION = 5.0;
				VERSIONING_SYSTEM = "apple-generic";
			};
			name = Debug;
		};
		13B07F951A680F5B00A75B9A /* Release */ = {
			isa = XCBuildConfiguration;
			baseConfigurationReference = D00AAFFCFCFDA5787532823F /* Pods-PetApp.release.xcconfig */;
			buildSettings = {
				ASSETCATALOG_COMPILER_APPICON_NAME = AppIcon;
				CLANG_ENABLE_MODULES = YES;
				CURRENT_PROJECT_VERSION = 1;
				INFOPLIST_FILE = PetApp/Info.plist;
				LD_RUNPATH_SEARCH_PATHS = (
					"$(inherited)",
					"@executable_path/Frameworks",
				);
				OTHER_LDFLAGS = (
					"$(inherited)",
					"-ObjC",
					"-lc++",
				);
				PRODUCT_BUNDLE_IDENTIFIER = "org.reactjs.native.example.$(PRODUCT_NAME:rfc1034identifier)";
				PRODUCT_NAME = PetApp;
				SWIFT_VERSION = 5.0;
				VERSIONING_SYSTEM = "apple-generic";
			};
			name = Release;
		};
		83CBBA201A601CBA00E9B192 /* Debug */ = {
			isa = XCBuildConfiguration;
			buildSettings = {
				ALWAYS_SEARCH_USER_PATHS = NO;
				CLANG_ANALYZER_LOCALIZABILITY_NONLOCALIZED = YES;
				CLANG_CXX_LANGUAGE_STANDARD = "gnu++0x";
				CLANG_CXX_LIBRARY = "libc++";
				CLANG_ENABLE_MODULES = YES;
				CLANG_ENABLE_OBJC_ARC = YES;
				CLANG_WARN_BLOCK_CAPTURE_AUTORELEASING = YES;
				CLANG_WARN_BOOL_CONVERSION = YES;
				CLANG_WARN_COMMA = YES;
				CLANG_WARN_CONSTANT_CONVERSION = YES;
				CLANG_WARN_DEPRECATED_OBJC_IMPLEMENTATIONS = YES;
				CLANG_WARN_DIRECT_OBJC_ISA_USAGE = YES_ERROR;
				CLANG_WARN_EMPTY_BODY = YES;
				CLANG_WARN_ENUM_CONVERSION = YES;
				CLANG_WARN_INFINITE_RECURSION = YES;
				CLANG_WARN_INT_CONVERSION = YES;
				CLANG_WARN_NON_LITERAL_NULL_CONVERSION = YES;
				CLANG_WARN_OBJC_IMPLICIT_RETAIN_SELF = YES;
				CLANG_WARN_OBJC_LITERAL_CONVERSION = YES;
				CLANG_WARN_OBJC_ROOT_CLASS = YES_ERROR;
				CLANG_WARN_QUOTED_INCLUDE_IN_FRAMEWORK_HEADER = YES;
				CLANG_WARN_RANGE_LOOP_ANALYSIS = YES;
				CLANG_WARN_STRICT_PROTOTYPES = YES;
				CLANG_WARN_SUSPICIOUS_MOVE = YES;
				CLANG_WARN_UNREACHABLE_CODE = YES;
				CLANG_WARN__DUPLICATE_METHOD_MATCH = YES;
				"CODE_SIGN_IDENTITY[sdk=iphoneos*]" = "iPhone Developer";
				COPY_PHASE_STRIP = NO;
				ENABLE_STRICT_OBJC_MSGSEND = YES;
				ENABLE_TESTABILITY = YES;
				"EXCLUDED_ARCHS[sdk=iphonesimulator*]" = "";
				GCC_C_LANGUAGE_STANDARD = gnu99;
				GCC_DYNAMIC_NO_PIC = NO;
				GCC_NO_COMMON_BLOCKS = YES;
				GCC_OPTIMIZATION_LEVEL = 0;
				GCC_PREPROCESSOR_DEFINITIONS = (
					"DEBUG=1",
					"$(inherited)",
				);
				GCC_SYMBOLS_PRIVATE_EXTERN = NO;
				GCC_WARN_64_TO_32_BIT_CONVERSION = YES;
				GCC_WARN_ABOUT_RETURN_TYPE = YES_ERROR;
				GCC_WARN_UNDECLARED_SELECTOR = YES;
				GCC_WARN_UNINITIALIZED_AUTOS = YES_AGGRESSIVE;
				GCC_WARN_UNUSED_FUNCTION = YES;
				GCC_WARN_UNUSED_VARIABLE = YES;
				IPHONEOS_DEPLOYMENT_TARGET = 11.0;
				LD_RUNPATH_SEARCH_PATHS = (
					/usr/lib/swift,
					"$(inherited)",
				);
				LIBRARY_SEARCH_PATHS = (
					"\"$(SDKROOT)/usr/lib/swift\"",
					"\"$(TOOLCHAIN_DIR)/usr/lib/swift/$(PLATFORM_NAME)\"",
					"\"$(inherited)\"",
				);
				MTL_ENABLE_DEBUG_INFO = YES;
				ONLY_ACTIVE_ARCH = YES;
				SDKROOT = iphoneos;
			};
			name = Debug;
		};
		83CBBA211A601CBA00E9B192 /* Release */ = {
			isa = XCBuildConfiguration;
			buildSettings = {
				ALWAYS_SEARCH_USER_PATHS = NO;
				CLANG_ANALYZER_LOCALIZABILITY_NONLOCALIZED = YES;
				CLANG_CXX_LANGUAGE_STANDARD = "gnu++0x";
				CLANG_CXX_LIBRARY = "libc++";
				CLANG_ENABLE_MODULES = YES;
				CLANG_ENABLE_OBJC_ARC = YES;
				CLANG_WARN_BLOCK_CAPTURE_AUTORELEASING = YES;
				CLANG_WARN_BOOL_CONVERSION = YES;
				CLANG_WARN_COMMA = YES;
				CLANG_WARN_CONSTANT_CONVERSION = YES;
				CLANG_WARN_DEPRECATED_OBJC_IMPLEMENTATIONS = YES;
				CLANG_WARN_DIRECT_OBJC_ISA_USAGE = YES_ERROR;
				CLANG_WARN_EMPTY_BODY = YES;
				CLANG_WARN_ENUM_CONVERSION = YES;
				CLANG_WARN_INFINITE_RECURSION = YES;
				CLANG_WARN_INT_CONVERSION = YES;
				CLANG_WARN_NON_LITERAL_NULL_CONVERSION = YES;
				CLANG_WARN_OBJC_IMPLICIT_RETAIN_SELF = YES;
				CLANG_WARN_OBJC_LITERAL_CONVERSION = YES;
				CLANG_WARN_OBJC_ROOT_CLASS = YES_ERROR;
				CLANG_WARN_QUOTED_INCLUDE_IN_FRAMEWORK_HEADER = YES;
				CLANG_WARN_RANGE_LOOP_ANALYSIS = YES;
				CLANG_WARN_STRICT_PROTOTYPES = YES;
				CLANG_WARN_SUSPICIOUS_MOVE = YES;
				CLANG_WARN_UNREACHABLE_CODE = YES;
				CLANG_WARN__DUPLICATE_METHOD_MATCH = YES;
				"CODE_SIGN_IDENTITY[sdk=iphoneos*]" = "iPhone Developer";
				COPY_PHASE_STRIP = YES;
				ENABLE_NS_ASSERTIONS = NO;
				ENABLE_STRICT_OBJC_MSGSEND = YES;
				"EXCLUDED_ARCHS[sdk=iphonesimulator*]" = "";
				GCC_C_LANGUAGE_STANDARD = gnu99;
				GCC_NO_COMMON_BLOCKS = YES;
				GCC_WARN_64_TO_32_BIT_CONVERSION = YES;
				GCC_WARN_ABOUT_RETURN_TYPE = YES_ERROR;
				GCC_WARN_UNDECLARED_SELECTOR = YES;
				GCC_WARN_UNINITIALIZED_AUTOS = YES_AGGRESSIVE;
				GCC_WARN_UNUSED_FUNCTION = YES;
				GCC_WARN_UNUSED_VARIABLE = YES;
				IPHONEOS_DEPLOYMENT_TARGET = 11.0;
				LD_RUNPATH_SEARCH_PATHS = (
					/usr/lib/swift,
					"$(inherited)",
				);
				LIBRARY_SEARCH_PATHS = (
					"\"$(SDKROOT)/usr/lib/swift\"",
					"\"$(TOOLCHAIN_DIR)/usr/lib/swift/$(PLATFORM_NAME)\"",
					"\"$(inherited)\"",
				);
				MTL_ENABLE_DEBUG_INFO = NO;
				SDKROOT = iphoneos;
				VALIDATE_PRODUCT = YES;
			};
			name = Release;
		};
/* End XCBuildConfiguration section */

/* Begin XCConfigurationList section */
		00E357021AD99517003FC87E /* Build configuration list for PBXNativeTarget "PetAppTests" */ = {
			isa = XCConfigurationList;
			buildConfigurations = (
				00E356F61AD99517003FC87E /* Debug */,
				00E356F71AD99517003FC87E /* Release */,
			);
			defaultConfigurationIsVisible = 0;
			defaultConfigurationName = Release;
		};
		13B07F931A680F5B00A75B9A /* Build configuration list for PBXNativeTarget "PetApp" */ = {
			isa = XCConfigurationList;
			buildConfigurations = (
				13B07F941A680F5B00A75B9A /* Debug */,
				13B07F951A680F5B00A75B9A /* Release */,
			);
			defaultConfigurationIsVisible = 0;
			defaultConfigurationName = Release;
		};
		83CBB9FA1A601CBA00E9B192 /* Build configuration list for PBXProject "PetApp" */ = {
			isa = XCConfigurationList;
			buildConfigurations = (
				83CBBA201A601CBA00E9B192 /* Debug */,
				83CBBA211A601CBA00E9B192 /* Release */,
			);
			defaultConfigurationIsVisible = 0;
			defaultConfigurationName = Release;
		};
/* End XCConfigurationList section */
	};
	rootObject = 83CBB9F71A601CBA00E9B192 /* Project object */;
}
